
Microsoft Visual Studio Solution File, Format Version 12.00
# Visual Studio Version 17
VisualStudioVersion = 17.1.32210.238
MinimumVisualStudioVersion = 10.0.40219.1
Project("{FAE04EC0-301F-11D3-BF4B-00C04F79EFBC}") = "AmazonShopping", "AmazonShopping.csproj", "{D660A33F-65B3-4E9A-A4E7-DBE430C68A34}"
EndProject
Global
	GlobalSection(SolutionConfigurationPlatforms) = preSolution
		Debug|Any CPU = Debug|Any CPU
		Release|Any CPU = Release|Any CPU
	EndGlobalSection
	GlobalSection(ProjectConfigurationPlatforms) = postSolution
		{D660A33F-65B3-4E9A-A4E7-DBE430C68A34}.Debug|Any CPU.ActiveCfg = Debug|Any CPU
		{D660A33F-65B3-4E9A-A4E7-DBE430C68A34}.Debug|Any CPU.Build.0 = Debug|Any CPU
		{D660A33F-65B3-4E9A-A4E7-DBE430C68A34}.Release|Any CPU.ActiveCfg = Release|Any CPU
		{D660A33F-65B3-4E9A-A4E7-DBE430C68A34}.Release|Any CPU.Build.0 = Release|Any CPU
	EndGlobalSection
	GlobalSection(SolutionProperties) = preSolution
		HideSolutionNode = FALSE
	EndGlobalSection
	GlobalSection(ExtensibilityGlobals) = postSolution
		SolutionGuid = {B3256BDF-4EC7-47CC-A67A-0BD5430C67DA}
	EndGlobalSection
EndGlobal
